{
  "requires": true,
  "lockfileVersion": 1,
  "dependencies": {
    "@antfu/utils": {
      "version": "0.6.2",
      "resolved": "http://172.50.1.160/@antfu%2futils/-/utils-0.6.2.tgz",
      "integrity": "sha512-Qdwda+qE1KOKXuM8Gnn09zIJSA293J5putdHBx4J9sdbHzqp5QY4OmH77KgwJoi0PuY+kbddkVVdkSoZ9ruiug==",
      "dev": true
    },
    "@nodelib/fs.scandir": {
      "version": "2.1.5",
      "resolved": "http://172.50.1.160/@nodelib%2ffs.scandir/-/fs.scandir-2.1.5.tgz",
      "integrity": "sha512-vq24Bq3ym5HEQm2NKCr3yXDwjc7vTsEThRDnkp2DK9p1uqLR+DHurm/NOTo0KG7HYHU7eppKZj3MyqYuMBf62g==",
      "dev": true,
      "requires": {
        "@nodelib/fs.stat": "2.0.5",
        "run-parallel": "^1.1.9"
      }
    },
    "@nodelib/fs.stat": {
      "version": "2.0.5",
      "resolved": "http://172.50.1.160/@nodelib%2ffs.stat/-/fs.stat-2.0.5.tgz",
      "integrity": "sha512-RkhPPp2zrqDAQA/2jNhnztcPAlv64XdhIp7a7454A5ovI7Bukxgt7MX7udwAu3zg1DcpPU0rz3VV1SeaqvY4+A==",
      "dev": true
    },
    "@nodelib/fs.walk": {
      "version": "1.2.8",
      "resolved": "http://172.50.1.160/@nodelib%2ffs.walk/-/fs.walk-1.2.8.tgz",
      "integrity": "sha512-oGB+UxlgWcgQkgwo8GcEGwemoTFt3FIO9ababBmaGwXIoBKZ+GTy0pP185beGg7Llih/NSHSV2XAs1lnznocSg==",
      "dev": true,
      "requires": {
        "@nodelib/fs.scandir": "2.1.5",
        "fastq": "^1.6.0"
      }
    },
    "@rollup/pluginutils": {
      "version": "5.0.2",
      "resolved": "http://172.50.1.160/@rollup%2fpluginutils/-/pluginutils-5.0.2.tgz",
      "integrity": "sha512-pTd9rIsP92h+B6wWwFbW8RkZv4hiR/xKsqre4SIuAOaOEQRxi0lqLke9k2/7WegC85GgUs9pjmOjCUi3In4vwA==",
      "dev": true,
      "requires": {
        "@types/estree": "^1.0.0",
        "estree-walker": "^2.0.2",
        "picomatch": "^2.3.1"
      }
    },
    "@types/estree": {
      "version": "1.0.0",
      "resolved": "http://172.50.1.160/@types%2festree/-/estree-1.0.0.tgz",
      "integrity": "sha512-WulqXMDUTYAXCjZnk6JtIHPigp55cVtDgDrO2gHRwhyJto21+1zbVCtOYB2L1F9w4qCQ0rOGWBnBe0FNTiEJIQ==",
      "dev": true
    },
    "acorn": {
      "version": "8.8.1",
      "resolved": "http://172.50.1.160/acorn/-/acorn-8.8.1.tgz",
      "integrity": "sha512-7zFpHzhnqYKrkYdUjF1HI1bzd0VygEGX8lFk4k5zVMqHEoES+P+7TKI+EvLO9WVMJ8eekdO0aDEK044xTXwPPA==",
      "dev": true
    },
    "ajv": {
      "version": "8.11.0",
      "resolved": "http://172.50.1.160/ajv/-/ajv-8.11.0.tgz",
      "integrity": "sha512-wGgprdCvMalC0BztXvitD2hC04YffAvtsUn93JbGXYLAtCUO4xd17mCCZQxUOItiBwZvJScWo8NIvQMQ71rdpg==",
      "requires": {
        "fast-deep-equal": "^3.1.1",
        "json-schema-traverse": "^1.0.0",
        "require-from-string": "^2.0.2",
        "uri-js": "^4.2.2"
      }
    },
    "anymatch": {
      "version": "3.1.2",
      "resolved": "http://172.50.1.160/anymatch/-/anymatch-3.1.2.tgz",
      "integrity": "sha512-P43ePfOAIupkguHUycrc4qJ9kz8ZiuOUijaETwX7THt0Y/GNK7v0aa8rY816xWjZ7rJdA5XdMcpVFTKMq+RvWg==",
      "dev": true,
      "requires": {
        "normalize-path": "^3.0.0",
        "picomatch": "^2.0.4"
      }
    },
    "balanced-match": {
      "version": "1.0.2",
      "resolved": "http://172.50.1.160/balanced-match/-/balanced-match-1.0.2.tgz",
      "integrity": "sha512-3oSeUO0TMV67hN1AmbXsK4yaqU7tjiHlbxRDZOpH0KW9+CeX4bRAaX0Anxt0tx2MrpRpWwQaPwIlISEJhYU5Pw==",
      "dev": true
    },
    "binary-extensions": {
      "version": "2.2.0",
      "resolved": "http://172.50.1.160/binary-extensions/-/binary-extensions-2.2.0.tgz",
      "integrity": "sha512-jDctJ/IVQbZoJykoeHbhXpOlNBqGNcwXJKJog42E5HDPUwQTSdjCHdihjj0DlnheQ7blbT6dHOafNAiS8ooQKA==",
      "dev": true
    },
    "brace-expansion": {
      "version": "2.0.1",
      "resolved": "http://172.50.1.160/brace-expansion/-/brace-expansion-2.0.1.tgz",
      "integrity": "sha512-XnAIvQ8eM+kC6aULx6wuQiwVsnzsi9d3WxzV3FpWTGA19F621kwdbsAcFKXgKUHZWsy+mY6iL1sHTxWEFCytDA==",
      "dev": true,
      "requires": {
        "balanced-match": "^1.0.0"
      }
    },
    "braces": {
      "version": "3.0.2",
      "resolved": "http://172.50.1.160/braces/-/braces-3.0.2.tgz",
      "integrity": "sha512-b8um+L1RzM3WDSzvhm6gIz1yfTbBt6YTlcEKAvsmqCZZFw46z626lVj9j1yEPW33H5H+lBQpZMP1k8l+78Ha0A==",
      "dev": true,
      "requires": {
        "fill-range": "^7.0.1"
      }
    },
    "chokidar": {
      "version": "3.5.3",
      "resolved": "http://172.50.1.160/chokidar/-/chokidar-3.5.3.tgz",
      "integrity": "sha512-Dr3sfKRP6oTcjf2JmUmFJfeVMvXBdegxB0iVQ5eb2V10uFJUCAS8OByZdVAyVb8xXNz3GjjTgj9kLWsZTqE6kw==",
      "dev": true,
      "requires": {
        "anymatch": "~3.1.2",
        "braces": "~3.0.2",
        "fsevents": "~2.3.2",
        "glob-parent": "~5.1.2",
        "is-binary-path": "~2.1.0",
        "is-glob": "~4.0.1",
        "normalize-path": "~3.0.0",
        "readdirp": "~3.6.0"
      }
    },
    "debug": {
      "version": "4.3.4",
      "resolved": "http://172.50.1.160/debug/-/debug-4.3.4.tgz",
      "integrity": "sha512-PRWFHuSU3eDtQJPvnNY7Jcket1j0t5OuOsFzPPzsekD52Zl8qUfFIPEiswXqIvHWGVHOgX+7G/vCNNhehwxfkQ==",
      "dev": true,
      "requires": {
        "ms": "2.1.2"
      }
    },
    "esbuild": {
      "version": "0.14.42",
      "resolved": "https://registry.npmjs.org/esbuild/-/esbuild-0.14.42.tgz",
      "integrity": "sha512-V0uPZotCEHokJdNqyozH6qsaQXqmZEOiZWrXnds/zaH/0SyrIayRXWRB98CENO73MIZ9T3HBIOsmds5twWtmgw==",
      "requires": {
        "esbuild-android-64": "0.14.42",
        "esbuild-android-arm64": "0.14.42",
        "esbuild-darwin-64": "0.14.42",
        "esbuild-darwin-arm64": "0.14.42",
        "esbuild-freebsd-64": "0.14.42",
        "esbuild-freebsd-arm64": "0.14.42",
        "esbuild-linux-32": "0.14.42",
        "esbuild-linux-64": "0.14.42",
        "esbuild-linux-arm": "0.14.42",
        "esbuild-linux-arm64": "0.14.42",
        "esbuild-linux-mips64le": "0.14.42",
        "esbuild-linux-ppc64le": "0.14.42",
        "esbuild-linux-riscv64": "0.14.42",
        "esbuild-linux-s390x": "0.14.42",
        "esbuild-netbsd-64": "0.14.42",
        "esbuild-openbsd-64": "0.14.42",
        "esbuild-sunos-64": "0.14.42",
        "esbuild-windows-32": "0.14.42",
        "esbuild-windows-64": "0.14.42",
        "esbuild-windows-arm64": "0.14.42"
      }
    },
    "esbuild-android-64": {
      "version": "0.14.42",
      "resolved": "https://registry.npmjs.org/esbuild-android-64/-/esbuild-android-64-0.14.42.tgz",
      "integrity": "sha512-P4Y36VUtRhK/zivqGVMqhptSrFILAGlYp0Z8r9UQqHJ3iWztRCNWnlBzD9HRx0DbueXikzOiwyOri+ojAFfW6A==",
      "optional": true
    },
    "esbuild-android-arm64": {
      "version": "0.14.42",
      "resolved": "https://registry.npmjs.org/esbuild-android-arm64/-/esbuild-android-arm64-0.14.42.tgz",
      "integrity": "sha512-0cOqCubq+RWScPqvtQdjXG3Czb3AWI2CaKw3HeXry2eoA2rrPr85HF7IpdU26UWdBXgPYtlTN1LUiuXbboROhg==",
      "optional": true
    },
    "esbuild-darwin-64": {
      "version": "0.14.42",
      "resolved": "https://registry.npmjs.org/esbuild-darwin-64/-/esbuild-darwin-64-0.14.42.tgz",
      "integrity": "sha512-ipiBdCA3ZjYgRfRLdQwP82rTiv/YVMtW36hTvAN5ZKAIfxBOyPXY7Cejp3bMXWgzKD8B6O+zoMzh01GZsCuEIA==",
      "optional": true
    },
    "esbuild-darwin-arm64": {
      "version": "0.14.42",
      "resolved": "https://registry.npmjs.org/esbuild-darwin-arm64/-/esbuild-darwin-arm64-0.14.42.tgz",
      "integrity": "sha512-bU2tHRqTPOaoH/4m0zYHbFWpiYDmaA0gt90/3BMEFaM0PqVK/a6MA2V/ypV5PO0v8QxN6gH5hBPY4YJ2lopXgA==",
      "optional": true
    },
    "esbuild-freebsd-64": {
      "version": "0.14.42",
      "resolved": "https://registry.npmjs.org/esbuild-freebsd-64/-/esbuild-freebsd-64-0.14.42.tgz",
      "integrity": "sha512-75h1+22Ivy07+QvxHyhVqOdekupiTZVLN1PMwCDonAqyXd8TVNJfIRFrdL8QmSJrOJJ5h8H1I9ETyl2L8LQDaw==",
      "optional": true
    },
    "esbuild-freebsd-arm64": {
      "version": "0.14.42",
      "resolved": "https://registry.npmjs.org/esbuild-freebsd-arm64/-/esbuild-freebsd-arm64-0.14.42.tgz",
      "integrity": "sha512-W6Jebeu5TTDQMJUJVarEzRU9LlKpNkPBbjqSu+GUPTHDCly5zZEQq9uHkmHHl7OKm+mQ2zFySN83nmfCeZCyNA==",
      "optional": true
    },
    "esbuild-linux-32": {
      "version": "0.14.42",
      "resolved": "https://registry.npmjs.org/esbuild-linux-32/-/esbuild-linux-32-0.14.42.tgz",
      "integrity": "sha512-Ooy/Bj+mJ1z4jlWcK5Dl6SlPlCgQB9zg1UrTCeY8XagvuWZ4qGPyYEWGkT94HUsRi2hKsXvcs6ThTOjBaJSMfg==",
      "optional": true
    },
    "esbuild-linux-64": {
      "version": "0.14.42",
      "resolved": "https://registry.npmjs.org/esbuild-linux-64/-/esbuild-linux-64-0.14.42.tgz",
      "integrity": "sha512-2L0HbzQfbTuemUWfVqNIjOfaTRt9zsvjnme6lnr7/MO9toz/MJ5tZhjqrG6uDWDxhsaHI2/nsDgrv8uEEN2eoA==",
      "optional": true
    },
    "esbuild-linux-arm": {
      "version": "0.14.42",
      "resolved": "https://registry.npmjs.org/esbuild-linux-arm/-/esbuild-linux-arm-0.14.42.tgz",
      "integrity": "sha512-STq69yzCMhdRaWnh29UYrLSr/qaWMm/KqwaRF1pMEK7kDiagaXhSL1zQGXbYv94GuGY/zAwzK98+6idCMUOOCg==",
      "optional": true
    },
    "esbuild-linux-arm64": {
      "version": "0.14.42",
      "resolved": "https://registry.npmjs.org/esbuild-linux-arm64/-/esbuild-linux-arm64-0.14.42.tgz",
      "integrity": "sha512-c3Ug3e9JpVr8jAcfbhirtpBauLxzYPpycjWulD71CF6ZSY26tvzmXMJYooQ2YKqDY4e/fPu5K8bm7MiXMnyxuA==",
      "optional": true
    },
    "esbuild-linux-mips64le": {
      "version": "0.14.42",
      "resolved": "https://registry.npmjs.org/esbuild-linux-mips64le/-/esbuild-linux-mips64le-0.14.42.tgz",
      "integrity": "sha512-QuvpHGbYlkyXWf2cGm51LBCHx6eUakjaSrRpUqhPwjh/uvNUYvLmz2LgPTTPwCqaKt0iwL+OGVL0tXA5aDbAbg==",
      "optional": true
    },
    "esbuild-linux-ppc64le": {
      "version": "0.14.42",
      "resolved": "https://registry.npmjs.org/esbuild-linux-ppc64le/-/esbuild-linux-ppc64le-0.14.42.tgz",
      "integrity": "sha512-8ohIVIWDbDT+i7lCx44YCyIRrOW1MYlks9fxTo0ME2LS/fxxdoJBwHWzaDYhjvf8kNpA+MInZvyOEAGoVDrMHg==",
      "optional": true
    },
    "esbuild-linux-riscv64": {
      "version": "0.14.42",
      "resolved": "https://registry.npmjs.org/esbuild-linux-riscv64/-/esbuild-linux-riscv64-0.14.42.tgz",
      "integrity": "sha512-DzDqK3TuoXktPyG1Lwx7vhaF49Onv3eR61KwQyxYo4y5UKTpL3NmuarHSIaSVlTFDDpcIajCDwz5/uwKLLgKiQ==",
      "optional": true
    },
    "esbuild-linux-s390x": {
      "version": "0.14.42",
      "resolved": "https://registry.npmjs.org/esbuild-linux-s390x/-/esbuild-linux-s390x-0.14.42.tgz",
      "integrity": "sha512-YFRhPCxl8nb//Wn6SiS5pmtplBi4z9yC2gLrYoYI/tvwuB1jldir9r7JwAGy1Ck4D7sE7wBN9GFtUUX/DLdcEQ==",
      "optional": true
    },
    "esbuild-netbsd-64": {
      "version": "0.14.42",
      "resolved": "https://registry.npmjs.org/esbuild-netbsd-64/-/esbuild-netbsd-64-0.14.42.tgz",
      "integrity": "sha512-QYSD2k+oT9dqB/4eEM9c+7KyNYsIPgzYOSrmfNGDIyJrbT1d+CFVKvnKahDKNJLfOYj8N4MgyFaU9/Ytc6w5Vw==",
      "optional": true
    },
    "esbuild-openbsd-64": {
      "version": "0.14.42",
      "resolved": "https://registry.npmjs.org/esbuild-openbsd-64/-/esbuild-openbsd-64-0.14.42.tgz",
      "integrity": "sha512-M2meNVIKWsm2HMY7+TU9AxM7ZVwI9havdsw6m/6EzdXysyCFFSoaTQ/Jg03izjCsK17FsVRHqRe26Llj6x0MNA==",
      "optional": true
    },
    "esbuild-sunos-64": {
      "version": "0.14.42",
      "resolved": "https://registry.npmjs.org/esbuild-sunos-64/-/esbuild-sunos-64-0.14.42.tgz",
      "integrity": "sha512-uXV8TAZEw36DkgW8Ak3MpSJs1ofBb3Smkc/6pZ29sCAN1KzCAQzsje4sUwugf+FVicrHvlamCOlFZIXgct+iqQ==",
      "optional": true
    },
    "esbuild-windows-32": {
      "version": "0.14.42",
      "resolved": "https://registry.npmjs.org/esbuild-windows-32/-/esbuild-windows-32-0.14.42.tgz",
      "integrity": "sha512-4iw/8qWmRICWi9ZOnJJf9sYt6wmtp3hsN4TdI5NqgjfOkBVMxNdM9Vt3626G1Rda9ya2Q0hjQRD9W1o+m6Lz6g==",
      "optional": true
    },
    "esbuild-windows-64": {
      "version": "0.14.42",
      "resolved": "https://registry.npmjs.org/esbuild-windows-64/-/esbuild-windows-64-0.14.42.tgz",
      "integrity": "sha512-j3cdK+Y3+a5H0wHKmLGTJcq0+/2mMBHPWkItR3vytp/aUGD/ua/t2BLdfBIzbNN9nLCRL9sywCRpOpFMx3CxzA==",
      "optional": true
    },
    "esbuild-windows-arm64": {
      "version": "0.14.42",
      "resolved": "https://registry.npmjs.org/esbuild-windows-arm64/-/esbuild-windows-arm64-0.14.42.tgz",
      "integrity": "sha512-+lRAARnF+hf8J0mN27ujO+VbhPbDqJ8rCcJKye4y7YZLV6C4n3pTRThAb388k/zqF5uM0lS5O201u0OqoWSicw==",
      "optional": true
    },
    "escape-string-regexp": {
      "version": "5.0.0",
      "resolved": "http://172.50.1.160/escape-string-regexp/-/escape-string-regexp-5.0.0.tgz",
      "integrity": "sha512-/veY75JbMK4j1yjvuUxuVsiS/hr/4iHs9FTT6cgTexxdE0Ly/glccBAkloH/DofkjRbZU3bnoj38mOmhkZ0lHw==",
      "dev": true
    },
    "estree-walker": {
      "version": "2.0.2",
      "resolved": "http://172.50.1.160/estree-walker/-/estree-walker-2.0.2.tgz",
      "integrity": "sha512-Rfkk/Mp/DL7JVje3u18FxFujQlTNR2q6QfMSMB7AvCBx91NGj/ba3kCfza0f6dVDbw7YlRf/nDrn7pQrCCyQ/w==",
      "dev": true
    },
    "fast-deep-equal": {
      "version": "3.1.3",
      "resolved": "http://172.50.1.160/fast-deep-equal/-/fast-deep-equal-3.1.3.tgz",
      "integrity": "sha512-f3qQ9oQy9j2AhBe/H9VC91wLmKBCCU/gDOnKNAYG5hswO7BLKj09Hc5HYNz9cGI++xlpDCIgDaitVs03ATR84Q=="
    },
    "fast-glob": {
      "version": "3.2.12",
      "resolved": "http://172.50.1.160/fast-glob/-/fast-glob-3.2.12.tgz",
      "integrity": "sha512-DVj4CQIYYow0BlaelwK1pHl5n5cRSJfM60UA0zK891sVInoPri2Ekj7+e1CT3/3qxXenpI+nBBmQAcJPJgaj4w==",
      "dev": true,
      "requires": {
        "@nodelib/fs.stat": "^2.0.2",
        "@nodelib/fs.walk": "^1.2.3",
        "glob-parent": "^5.1.2",
        "merge2": "^1.3.0",
        "micromatch": "^4.0.4"
      }
    },
    "fastq": {
      "version": "1.13.0",
      "resolved": "http://172.50.1.160/fastq/-/fastq-1.13.0.tgz",
      "integrity": "sha512-YpkpUnK8od0o1hmeSc7UUs/eB/vIPWJYjKck2QKIzAf71Vm1AAQ3EbuZB3g2JIy+pg+ERD0vqI79KyZiB2e2Nw==",
      "dev": true,
      "requires": {
        "reusify": "^1.0.4"
      }
    },
    "fill-range": {
      "version": "7.0.1",
      "resolved": "http://172.50.1.160/fill-range/-/fill-range-7.0.1.tgz",
      "integrity": "sha512-qOo9F+dMUmC2Lcb4BbVvnKJxTPjCm+RRpe4gDuGrzkL7mEVl/djYSu2OdQ2Pa302N4oqkSg9ir6jaLWJ2USVpQ==",
      "dev": true,
      "requires": {
        "to-regex-range": "^5.0.1"
      }
    },
    "fsevents": {
      "version": "2.3.2",
      "resolved": "http://172.50.1.160/fsevents/-/fsevents-2.3.2.tgz",
      "integrity": "sha512-xiqMQR4xAeHTuB9uWm+fFRcIOgKBMiOBP+eXiyT7jsgVCq1bkVygt00oASowB7EdtpOHaaPgKt812P9ab+DDKA==",
      "dev": true,
      "optional": true
    },
    "function-bind": {
      "version": "1.1.1",
      "resolved": "https://registry.npmjs.org/function-bind/-/function-bind-1.1.1.tgz",
      "integrity": "sha512-yIovAzMX49sF8Yl58fSCWJ5svSLuaibPxXQJFLmBObTuCr0Mf1KiPopGM9NiFjiYBCbfaa2Fh6breQ6ANVTI0A=="
    },
    "glob-parent": {
      "version": "5.1.2",
      "resolved": "http://172.50.1.160/glob-parent/-/glob-parent-5.1.2.tgz",
      "integrity": "sha512-AOIgSQCepiJYwP3ARnGx+5VnTu2HBYdzbGP45eLw1vr3zB3vZLeyed1sC9hnbcOc9/SrMyM5RPQrkGz4aS9Zow==",
      "dev": true,
      "requires": {
        "is-glob": "^4.0.1"
      }
    },
    "has": {
      "version": "1.0.3",
      "resolved": "https://registry.npmjs.org/has/-/has-1.0.3.tgz",
      "integrity": "sha512-f2dvO0VU6Oej7RkWJGrehjbzMAjFp5/VKPp5tTpWIV4JHHZK1/BxbFRtf/siA2SWTe09caDmVtYYzWEIbBS4zw==",
      "requires": {
        "function-bind": "^1.1.1"
      }
    },
    "is-binary-path": {
      "version": "2.1.0",
      "resolved": "http://172.50.1.160/is-binary-path/-/is-binary-path-2.1.0.tgz",
      "integrity": "sha512-ZMERYes6pDydyuGidse7OsHxtbI7WVeUEozgR/g7rd0xUimYNlvZRE/K2MgZTjWy725IfelLeVcEM97mmtRGXw==",
      "dev": true,
      "requires": {
        "binary-extensions": "^2.0.0"
      }
    },
    "is-core-module": {
      "version": "2.9.0",
      "resolved": "https://registry.npmjs.org/is-core-module/-/is-core-module-2.9.0.tgz",
      "integrity": "sha512-+5FPy5PnwmO3lvfMb0AsoPaBG+5KHUI0wYFXOtYPnVVVspTFUuMZNfNaNVRt3FZadstu2c8x23vykRW/NBoU6A==",
      "requires": {
        "has": "^1.0.3"
      }
    },
    "is-extglob": {
      "version": "2.1.1",
      "resolved": "http://172.50.1.160/is-extglob/-/is-extglob-2.1.1.tgz",
      "integrity": "sha1-qIwCU1eR8C7TfHahueqXc8gz+MI=",
      "dev": true
    },
    "is-glob": {
      "version": "4.0.3",
      "resolved": "http://172.50.1.160/is-glob/-/is-glob-4.0.3.tgz",
      "integrity": "sha512-xelSayHH36ZgE7ZWhli7pW34hNbNl8Ojv5KVmkJD4hBdD3th8Tfk9vYasLM+mXWOZhFkgZfxhLSnrwRr4elSSg==",
      "dev": true,
      "requires": {
        "is-extglob": "^2.1.1"
      }
    },
    "is-number": {
      "version": "7.0.0",
      "resolved": "http://172.50.1.160/is-number/-/is-number-7.0.0.tgz",
      "integrity": "sha512-41Cifkg6e8TylSpdtTpeLVMqvSBEVzTttHvERD741+pnZ8ANv0004MRL43QKPDlK9cGvNp6NZWZUBlbGXYxxng==",
      "dev": true
    },
    "json-schema-traverse": {
      "version": "1.0.0",
      "resolved": "http://172.50.1.160/json-schema-traverse/-/json-schema-traverse-1.0.0.tgz",
      "integrity": "sha512-NM8/P9n3XjXhIZn1lLhkFaACTOURQXjWhV4BA/RnOv8xvgqtqpAX9IO4mRQxSx1Rlo4tqzeqb0sOlruaOy3dug=="
    },
    "jsonc-parser": {
      "version": "3.2.0",
      "resolved": "http://172.50.1.160/jsonc-parser/-/jsonc-parser-3.2.0.tgz",
      "integrity": "sha512-gfFQZrcTc8CnKXp6Y4/CBT3fTc0OVuDofpre4aEeEpSBPV5X5v4+Vmx+8snU7RLPrNHPKSgLxGo9YuQzz20o+w==",
      "dev": true
    },
    "local-pkg": {
      "version": "0.4.2",
      "resolved": "http://172.50.1.160/local-pkg/-/local-pkg-0.4.2.tgz",
      "integrity": "sha512-mlERgSPrbxU3BP4qBqAvvwlgW4MTg78iwJdGGnv7kibKjWcJksrG3t6LB5lXI93wXRDvG4NpUgJFmTG4T6rdrg==",
      "dev": true
    },
    "magic-string": {
      "version": "0.26.7",
      "resolved": "http://172.50.1.160/magic-string/-/magic-string-0.26.7.tgz",
      "integrity": "sha512-hX9XH3ziStPoPhJxLq1syWuZMxbDvGNbVchfrdCtanC7D13888bMFow61x8axrx+GfHLtVeAx2kxL7tTGRl+Ow==",
      "dev": true,
      "requires": {
        "sourcemap-codec": "^1.4.8"
      }
    },
    "merge2": {
      "version": "1.4.1",
      "resolved": "http://172.50.1.160/merge2/-/merge2-1.4.1.tgz",
      "integrity": "sha512-8q7VEgMJW4J8tcfVPy8g09NcQwZdbwFEqhe/WZkoIzjn/3TGDwtOCYtXGxA3O8tPzpczCCDgv+P2P5y00ZJOOg==",
      "dev": true
    },
    "micromatch": {
      "version": "4.0.5",
      "resolved": "http://172.50.1.160/micromatch/-/micromatch-4.0.5.tgz",
      "integrity": "sha512-DMy+ERcEW2q8Z2Po+WNXuw3c5YaUSFjAO5GsJqfEl7UjvtIuFKO6ZrKvcItdy98dwFI2N1tg3zNIdKaQT+aNdA==",
      "dev": true,
      "requires": {
        "braces": "^3.0.2",
        "picomatch": "^2.3.1"
      }
    },
    "minimatch": {
      "version": "5.1.0",
      "resolved": "http://172.50.1.160/minimatch/-/minimatch-5.1.0.tgz",
      "integrity": "sha512-9TPBGGak4nHfGZsPBohm9AWg6NoT7QTCehS3BIJABslyZbzxfV78QM2Y6+i741OPZIafFAaiiEMh5OyIrJPgtg==",
      "dev": true,
      "requires": {
        "brace-expansion": "^2.0.1"
      }
    },
    "mlly": {
      "version": "0.5.16",
      "resolved": "http://172.50.1.160/mlly/-/mlly-0.5.16.tgz",
      "integrity": "sha512-LaJ8yuh4v0zEmge/g3c7jjFlhoCPfQn6RCjXgm9A0Qiuochq4BcuOxVfWmdnCoLTlg2MV+hqhOek+W2OhG0Lwg==",
      "dev": true,
      "requires": {
        "acorn": "^8.8.0",
        "pathe": "^0.3.8",
        "pkg-types": "^0.3.5",
        "ufo": "^0.8.5"
      }
    },
    "ms": {
      "version": "2.1.2",
      "resolved": "http://172.50.1.160/ms/-/ms-2.1.2.tgz",
      "integrity": "sha512-sGkPx+VjMtmA6MX27oA4FBFELFCZZ4S4XqeGOXCv68tT+jb3vk/RyaKWP0PTKyWtmLSM0b+adUTEvbs1PEaH2w==",
      "dev": true
    },
    "normalize-path": {
      "version": "3.0.0",
      "resolved": "http://172.50.1.160/normalize-path/-/normalize-path-3.0.0.tgz",
      "integrity": "sha512-6eZs5Ls3WtCisHWp9S2GUy8dqkpGi4BVSz3GaqiE6ezub0512ESztXUwUB6C6IKbQkY2Pnb/mD4WYojCRwcwLA==",
      "dev": true
    },
    "path-parse": {
      "version": "1.0.7",
      "resolved": "http://172.50.1.160/path-parse/-/path-parse-1.0.7.tgz",
      "integrity": "sha512-LDJzPVEEEPR+y48z93A0Ed0yXb8pAByGWo/k5YYdYgpY2/2EsOsksJrq7lOHxryrVOn1ejG6oAp8ahvOIQD8sw==",
      "dev": true
    },
    "pathe": {
      "version": "0.3.9",
      "resolved": "http://172.50.1.160/pathe/-/pathe-0.3.9.tgz",
      "integrity": "sha512-6Y6s0vT112P3jD8dGfuS6r+lpa0qqNrLyHPOwvXMnyNTQaYiwgau2DP3aNDsR13xqtGj7rrPo+jFUATpU6/s+g==",
      "dev": true
    },
    "picocolors": {
      "version": "1.0.0",
      "resolved": "https://registry.npmmirror.com/picocolors/-/picocolors-1.0.0.tgz",
      "integrity": "sha512-1fygroTLlHu66zi26VoTDv8yRgm0Fccecssto+MhsZ0D/DGW2sm8E8AjW7NU5VVTRt5GxbeZ5qBuJr+HyLYkjQ=="
    },
    "picomatch": {
      "version": "2.3.1",
      "resolved": "http://172.50.1.160/picomatch/-/picomatch-2.3.1.tgz",
      "integrity": "sha512-JU3teHTNjmE2VCGFzuY8EXzCDVwEqB2a8fsIvwaStHhAWJEeVd1o1QD80CU6+ZdEXXSLbSsuLwJjkCBWqRQUVA==",
      "dev": true
    },
    "pkg-types": {
      "version": "0.3.6",
      "resolved": "http://172.50.1.160/pkg-types/-/pkg-types-0.3.6.tgz",
      "integrity": "sha512-uQZutkkh6axl1GxDm5/+8ivVdwuJ5pyDGqJeSiIWIUWIqYiK3p9QKozN/Rv6eVvFoeSWkN1uoYeSDBwwBJBtbg==",
      "dev": true,
      "requires": {
        "jsonc-parser": "^3.2.0",
        "mlly": "^0.5.16",
        "pathe": "^0.3.9"
      }
    },
    "punycode": {
      "version": "2.1.1",
      "resolved": "http://172.50.1.160/punycode/-/punycode-2.1.1.tgz",
      "integrity": "sha512-XRsRjdf+j5ml+y/6GKHPZbrF/8p2Yga0JPtdqTIY2Xe5ohJPD9saDJJLPvp9+NSBprVvevdXZybnj2cv8OEd0A=="
    },
    "queue-microtask": {
      "version": "1.2.3",
      "resolved": "http://172.50.1.160/queue-microtask/-/queue-microtask-1.2.3.tgz",
      "integrity": "sha512-NuaNSa6flKT5JaSYQzJok04JzTL1CA6aGhv5rfLW3PgqA+M2ChpZQnAC8h8i4ZFkBS8X5RqkDBHA7r4hej3K9A==",
      "dev": true
    },
    "readdirp": {
      "version": "3.6.0",
      "resolved": "http://172.50.1.160/readdirp/-/readdirp-3.6.0.tgz",
      "integrity": "sha512-hOS089on8RduqdbhvQ5Z37A0ESjsqz6qnRcffsMU3495FuTdqSm+7bhJ29JvIOsBDEEnan5DPu9t3To9VRlMzA==",
      "dev": true,
      "requires": {
        "picomatch": "^2.2.1"
      }
    },
    "require-from-string": {
      "version": "2.0.2",
      "resolved": "http://172.50.1.160/require-from-string/-/require-from-string-2.0.2.tgz",
      "integrity": "sha512-Xf0nWe6RseziFMu+Ap9biiUbmplq6S9/p+7w7YXP/JBHhrUDDUhwa+vANyubuqfZWTveU//DYVGsDG7RKL/vEw=="
    },
    "resolve": {
      "version": "1.22.1",
      "resolved": "http://172.50.1.160/resolve/-/resolve-1.22.1.tgz",
      "integrity": "sha512-nBpuuYuY5jFsli/JIs1oldw6fOQCBioohqWZg/2hiaOybXOft4lonv85uDOKXdf8rhyK159cxU5cDcK/NKk8zw==",
      "dev": true,
      "requires": {
        "is-core-module": "^2.9.0",
        "path-parse": "^1.0.7",
        "supports-preserve-symlinks-flag": "^1.0.0"
      }
    },
    "reusify": {
      "version": "1.0.4",
      "resolved": "http://172.50.1.160/reusify/-/reusify-1.0.4.tgz",
      "integrity": "sha512-U9nH88a3fc/ekCF1l0/UP1IosiuIjyTh7hBvXVMHYgVcfGvt897Xguj2UOLDeI5BG2m7/uwyaLVT6fbtCwTyzw==",
      "dev": true
    },
    "rollup": {
      "version": "2.75.5",
      "resolved": "https://registry.npmjs.org/rollup/-/rollup-2.75.5.tgz",
      "integrity": "sha512-JzNlJZDison3o2mOxVmb44Oz7t74EfSd1SQrplQk0wSaXV7uLQXtVdHbxlcT3w+8tZ1TL4r/eLfc7nAbz38BBA==",
      "requires": {
        "fsevents": "~2.3.2"
      },
      "dependencies": {
        "fsevents": {
          "version": "2.3.2",
          "resolved": "https://registry.npmjs.org/fsevents/-/fsevents-2.3.2.tgz",
          "integrity": "sha512-xiqMQR4xAeHTuB9uWm+fFRcIOgKBMiOBP+eXiyT7jsgVCq1bkVygt00oASowB7EdtpOHaaPgKt812P9ab+DDKA==",
          "optional": true
        }
      }
    },
    "run-parallel": {
      "version": "1.2.0",
      "resolved": "http://172.50.1.160/run-parallel/-/run-parallel-1.2.0.tgz",
      "integrity": "sha512-5l4VyZR86LZ/lDxZTR6jqL8AFE2S0IFLMP26AbjsLVADxHdhB/c0GUsH+y39UfCi3dzz8OlQuPmnaJOMoDHQBA==",
      "dev": true,
      "requires": {
        "queue-microtask": "^1.2.2"
      }
    },
    "scule": {
      "version": "0.3.2",
      "resolved": "http://172.50.1.160/scule/-/scule-0.3.2.tgz",
      "integrity": "sha512-zIvPdjOH8fv8CgrPT5eqtxHQXmPNnV/vHJYffZhE43KZkvULvpCTvOt1HPlFaCZx287INL9qaqrZg34e8NgI4g==",
      "dev": true
    },
    "source-map-js": {
      "version": "1.0.2",
      "resolved": "https://registry.npmmirror.com/source-map-js/-/source-map-js-1.0.2.tgz",
      "integrity": "sha512-R0XvVJ9WusLiqTCEiGCmICCMplcCkIwwR11mOSD9CR5u+IXYdiseeEuXCVAjS54zqwkLcPNnmU4OeJ6tUrWhDw=="
    },
    "sourcemap-codec": {
      "version": "1.4.8",
      "resolved": "http://172.50.1.160/sourcemap-codec/-/sourcemap-codec-1.4.8.tgz",
      "integrity": "sha512-9NykojV5Uih4lgo5So5dtw+f0JgJX30KCNI8gwhz2J9A15wD0Ml6tjHKwf6fTSa6fAdVBdZeNOs9eJ71qCk8vA==",
      "dev": true
    },
    "strip-literal": {
      "version": "0.4.2",
      "resolved": "http://172.50.1.160/strip-literal/-/strip-literal-0.4.2.tgz",
      "integrity": "sha512-pv48ybn4iE1O9RLgCAN0iU4Xv7RlBTiit6DKmMiErbs9x1wH6vXBs45tWc0H5wUIF6TLTrKweqkmYF/iraQKNw==",
      "dev": true,
      "requires": {
        "acorn": "^8.8.0"
      }
    },
    "supports-preserve-symlinks-flag": {
      "version": "1.0.0",
      "resolved": "https://registry.npmjs.org/supports-preserve-symlinks-flag/-/supports-preserve-symlinks-flag-1.0.0.tgz",
      "integrity": "sha512-ot0WnXS9fgdkgIcePe6RHNk1WA8+muPa6cSjeR3V8K27q9BB1rTE3R1p7Hv0z1ZyAc8s6Vvv8DIyWf681MAt0w=="
    },
    "to-regex-range": {
      "version": "5.0.1",
      "resolved": "http://172.50.1.160/to-regex-range/-/to-regex-range-5.0.1.tgz",
      "integrity": "sha512-65P7iz6X5yEr1cwcgvQxbbIw7Uk3gOy5dIdtZ4rDveLqhrdJP+Li/Hx6tyK0NEb+2GCyneCMJiGqrADCSNk8sQ==",
      "dev": true,
      "requires": {
        "is-number": "^7.0.0"
      }
    },
    "ufo": {
      "version": "0.8.6",
      "resolved": "http://172.50.1.160/ufo/-/ufo-0.8.6.tgz",
      "integrity": "sha512-fk6CmUgwKCfX79EzcDQQpSCMxrHstvbLswFChHS0Vump+kFkw7nJBfTZoC1j0bOGoY9I7R3n2DGek5ajbcYnOw==",
      "dev": true
    },
    "unimport": {
      "version": "0.7.0",
      "resolved": "http://172.50.1.160/unimport/-/unimport-0.7.0.tgz",
      "integrity": "sha512-Cr0whz4toYVid3JHlni/uThwavDVVCk6Zw0Gxnol1c7DprTA+Isr4T+asO6rDGkhkgV7r3vSdSs5Ym8F15JA+w==",
      "dev": true,
      "requires": {
        "@rollup/pluginutils": "^5.0.2",
        "escape-string-regexp": "^5.0.0",
        "fast-glob": "^3.2.12",
        "local-pkg": "^0.4.2",
        "magic-string": "^0.26.7",
        "mlly": "^0.5.16",
        "pathe": "^0.3.9",
        "pkg-types": "^0.3.5",
        "scule": "^0.3.2",
        "strip-literal": "^0.4.2",
        "unplugin": "^0.10.2"
      }
    },
    "unplugin": {
      "version": "0.10.2",
      "resolved": "http://172.50.1.160/unplugin/-/unplugin-0.10.2.tgz",
      "integrity": "sha512-6rk7GUa4ICYjae5PrAllvcDeuT8pA9+j5J5EkxbMFaV+SalHhxZ7X2dohMzu6C3XzsMT+6jwR/+pwPNR3uK9MA==",
      "dev": true,
      "requires": {
        "acorn": "^8.8.0",
        "chokidar": "^3.5.3",
        "webpack-sources": "^3.2.3",
        "webpack-virtual-modules": "^0.4.5"
      }
    },
    "unplugin-auto-import": {
      "version": "0.11.4",
      "resolved": "http://172.50.1.160/unplugin-auto-import/-/unplugin-auto-import-0.11.4.tgz",
      "integrity": "sha512-lh/bRDRYwgnb9Cm5ur8TlTMGxA1GRZvgzCvBIf0vyuVRy7ebWcWefFElpUDpr8vLl+ZRGsPVCOGiYJ8TCR625Q==",
      "dev": true,
      "requires": {
        "@antfu/utils": "^0.6.0",
        "@rollup/pluginutils": "^5.0.2",
        "local-pkg": "^0.4.2",
        "magic-string": "^0.26.7",
        "unimport": "^0.7.0",
        "unplugin": "^0.10.2"
      }
    },
    "unplugin-vue-components": {
      "version": "0.22.9",
      "resolved": "http://172.50.1.160/unplugin-vue-components/-/unplugin-vue-components-0.22.9.tgz",
      "integrity": "sha512-qBvooq3EgpjtYicxeccRUGUBBQCCw9rJ0kHPZPOSJd8TBZViSv86vuKLTRDHPyjWtclwOIkVStZJfPdJFhYUMw==",
      "dev": true,
      "requires": {
        "@antfu/utils": "^0.6.0",
        "@rollup/pluginutils": "^5.0.2",
        "chokidar": "^3.5.3",
        "debug": "^4.3.4",
        "fast-glob": "^3.2.12",
        "local-pkg": "^0.4.2",
        "magic-string": "^0.26.7",
        "minimatch": "^5.1.0",
        "resolve": "^1.22.1",
        "unplugin": "^0.10.1"
      }
    },
    "uri-js": {
      "version": "4.4.1",
      "resolved": "http://172.50.1.160/uri-js/-/uri-js-4.4.1.tgz",
      "integrity": "sha512-7rKUyy33Q1yc98pQ1DAmLtwX109F7TIfWlW1Ydo8Wl1ii1SeHieeh0HHfPeL2fMXK6z0s8ecKs9frCuLJvndBg==",
      "requires": {
        "punycode": "^2.1.0"
      }
    },
    "vite": {
      "version": "2.8.6",
      "resolved": "https://registry.npmjs.org/vite/-/vite-2.8.6.tgz",
      "integrity": "sha512-e4H0QpludOVKkmOsRyqQ7LTcMUDF3mcgyNU4lmi0B5JUbe0ZxeBBl8VoZ8Y6Rfn9eFKYtdXNPcYK97ZwH+K2ug==",
      "requires": {
        "esbuild": "^0.14.14",
        "fsevents": "~2.3.2",
        "postcss": "^8.4.6",
        "resolve": "^1.22.0",
        "rollup": "^2.59.0"
      },
      "dependencies": {
        "fsevents": {
          "version": "2.3.2",
          "resolved": "https://registry.npmjs.org/fsevents/-/fsevents-2.3.2.tgz",
          "integrity": "sha512-xiqMQR4xAeHTuB9uWm+fFRcIOgKBMiOBP+eXiyT7jsgVCq1bkVygt00oASowB7EdtpOHaaPgKt812P9ab+DDKA==",
          "optional": true
        },
        "nanoid": {
          "version": "3.3.4",
          "resolved": "https://registry.npmjs.org/nanoid/-/nanoid-3.3.4.tgz",
          "integrity": "sha512-MqBkQh/OHTS2egovRtLk45wEyNXwF+cokD+1YPf9u5VfJiRdAiRwB2froX5Co9Rh20xs4siNPm8naNotSD6RBw=="
        },
        "path-parse": {
          "version": "1.0.7",
          "resolved": "https://registry.npmjs.org/path-parse/-/path-parse-1.0.7.tgz",
          "integrity": "sha512-LDJzPVEEEPR+y48z93A0Ed0yXb8pAByGWo/k5YYdYgpY2/2EsOsksJrq7lOHxryrVOn1ejG6oAp8ahvOIQD8sw=="
        },
        "postcss": {
          "version": "8.4.14",
          "resolved": "https://registry.npmjs.org/postcss/-/postcss-8.4.14.tgz",
          "integrity": "sha512-E398TUmfAYFPBSdzgeieK2Y1+1cpdxJx8yXbK/m57nRhKSmk1GB2tO4lbLBtlkfPQTDKfe4Xqv1ASWPpayPEig==",
          "requires": {
            "nanoid": "^3.3.4",
            "picocolors": "^1.0.0",
            "source-map-js": "^1.0.2"
          }
        },
        "resolve": {
          "version": "1.22.0",
          "resolved": "https://registry.npmjs.org/resolve/-/resolve-1.22.0.tgz",
          "integrity": "sha512-Hhtrw0nLeSrFQ7phPp4OOcVjLPIeMnRlr5mcnVuMe7M/7eBn98A3hmFRLoFo3DLZkivSYwhRUJTyPyWAk56WLw==",
          "requires": {
            "is-core-module": "^2.8.1",
            "path-parse": "^1.0.7",
            "supports-preserve-symlinks-flag": "^1.0.0"
          }
        }
      }
    },
    "webpack-sources": {
      "version": "3.2.3",
      "resolved": "http://172.50.1.160/webpack-sources/-/webpack-sources-3.2.3.tgz",
      "integrity": "sha512-/DyMEOrDgLKKIG0fmvtz+4dUX/3Ghozwgm6iPp8KRhvn+eQf9+Q7GWxVNMk3+uCPWfdXYC4ExGBckIXdFEfH1w==",
      "dev": true
    }
  }
}
